
Microsoft Visual Studio Solution File, Format Version 12.00
# Visual Studio 15
VisualStudioVersion = 15.0.26430.6
MinimumVisualStudioVersion = 10.0.40219.1
Project("{FAE04EC0-301F-11D3-BF4B-00C04F79EFBC}") = "ReactDemo", "ReactDemo\ReactDemo.csproj", "{9497A83B-E2B2-417D-93FD-AC2CC8DE6AC2}"
EndProject
Project("{FAE04EC0-301F-11D3-BF4B-00C04F79EFBC}") = "ReactDemoTable", "..\ReactTableDemo\ReactTableDemo\ReactTableDemo\ReactDemoTable.csproj", "{4C65AA97-62A6-4B82-89BE-391DB65C5E87}"
EndProject
Global
	GlobalSection(SolutionConfigurationPlatforms) = preSolution
		Debug|Any CPU = Debug|Any CPU
		Release|Any CPU = Release|Any CPU
	EndGlobalSection
	GlobalSection(ProjectConfigurationPlatforms) = postSolution
		{9497A83B-E2B2-417D-93FD-AC2CC8DE6AC2}.Debug|Any CPU.ActiveCfg = Debug|Any CPU
		{9497A83B-E2B2-417D-93FD-AC2CC8DE6AC2}.Debug|Any CPU.Build.0 = Debug|Any CPU
		{9497A83B-E2B2-417D-93FD-AC2CC8DE6AC2}.Release|Any CPU.ActiveCfg = Release|Any CPU
		{9497A83B-E2B2-417D-93FD-AC2CC8DE6AC2}.Release|Any CPU.Build.0 = Release|Any CPU
		{4C65AA97-62A6-4B82-89BE-391DB65C5E87}.Debug|Any CPU.ActiveCfg = Debug|Any CPU
		{4C65AA97-62A6-4B82-89BE-391DB65C5E87}.Debug|Any CPU.Build.0 = Debug|Any CPU
		{4C65AA97-62A6-4B82-89BE-391DB65C5E87}.Release|Any CPU.ActiveCfg = Release|Any CPU
		{4C65AA97-62A6-4B82-89BE-391DB65C5E87}.Release|Any CPU.Build.0 = Release|Any CPU
	EndGlobalSection
	GlobalSection(SolutionProperties) = preSolution
		HideSolutionNode = FALSE
	EndGlobalSection
EndGlobal
